// !$*UTF8*$!
{
	archiveVersion = 1;
	classes = {
	};
	objectVersion = 51;
	objects = {

/* Begin PBXBuildFile section */
		2CB9D6690D6F9A18264EC996 /* Pods_TestIos.framework in Frameworks */ = {isa = PBXBuildFile; fileRef = 18FFD492329A8D019C7199B4 /* Pods_TestIos.framework */; };
		88213EE023F48F98005BA4A4 /* OrgViewController.swift in Sources */ = {isa = PBXBuildFile; fileRef = 88213EDF23F48F98005BA4A4 /* OrgViewController.swift */; };
		8824149E2316E0F9006BEBA9 /* Main.storyboard in Resources */ = {isa = PBXBuildFile; fileRef = 8824149C2316E0F9006BEBA9 /* Main.storyboard */; };
		882414A02316E0FA006BEBA9 /* Assets.xcassets in Resources */ = {isa = PBXBuildFile; fileRef = 8824149F2316E0FA006BEBA9 /* Assets.xcassets */; };
		882414A32316E0FA006BEBA9 /* LaunchScreen.storyboard in Resources */ = {isa = PBXBuildFile; fileRef = 882414A12316E0FA006BEBA9 /* LaunchScreen.storyboard */; };
		882414AE2316E0FA006BEBA9 /* TestIosTests.swift in Sources */ = {isa = PBXBuildFile; fileRef = 882414AD2316E0FA006BEBA9 /* TestIosTests.swift */; };
		882414B92316E0FA006BEBA9 /* TestIosUITests.swift in Sources */ = {isa = PBXBuildFile; fileRef = 882414B82316E0FA006BEBA9 /* TestIosUITests.swift */; };
		882CD56D2388558500DCACD6 /* MVCAnteriorViewController.swift in Sources */ = {isa = PBXBuildFile; fileRef = 882CD56C2388558500DCACD6 /* MVCAnteriorViewController.swift */; };
		8851A4A9236123C4001679BE /* emgHelper.swift in Sources */ = {isa = PBXBuildFile; fileRef = 8851A4A8236123C4001679BE /* emgHelper.swift */; };
		8857D4E023FDB81B007587A2 /* AppDelegate.swift in Sources */ = {isa = PBXBuildFile; fileRef = 8857D4DF23FDB81B007587A2 /* AppDelegate.swift */; };
		887393C123C52F4400F19622 /* emgPeripheralModel.swift in Sources */ = {isa = PBXBuildFile; fileRef = 887393C023C52F4400F19622 /* emgPeripheralModel.swift */; };
		888C0B7323D24C9F00EF2BAE /* SensorLinearInterpolation.swift in Sources */ = {isa = PBXBuildFile; fileRef = 888C0B7223D24C9F00EF2BAE /* SensorLinearInterpolation.swift */; };
		889B834423864760008A37FC /* Email.swift in Sources */ = {isa = PBXBuildFile; fileRef = 889B834323864760008A37FC /* Email.swift */; };
		889E4C97238DB164007F03A7 /* MVCPosterioViewController.swift in Sources */ = {isa = PBXBuildFile; fileRef = 889E4C96238DB164007F03A7 /* MVCPosterioViewController.swift */; };
		889E4C99238DBB83007F03A7 /* MVCLateralViewController.swift in Sources */ = {isa = PBXBuildFile; fileRef = 889E4C98238DBB83007F03A7 /* MVCLateralViewController.swift */; };
		88A310B32319B872002D2C89 /* config_5_upper_body.js in Resources */ = {isa = PBXBuildFile; fileRef = 88A310AB2319B872002D2C89 /* config_5_upper_body.js */; };
		88A310B42319B872002D2C89 /* config_1_chest.js in Resources */ = {isa = PBXBuildFile; fileRef = 88A310AC2319B872002D2C89 /* config_1_chest.js */; };
		88A310B52319B872002D2C89 /* config_6_upper_body.js in Resources */ = {isa = PBXBuildFile; fileRef = 88A310AD2319B872002D2C89 /* config_6_upper_body.js */; };
		88A310B62319B872002D2C89 /* config_11_full_body.js in Resources */ = {isa = PBXBuildFile; fileRef = 88A310AE2319B872002D2C89 /* config_11_full_body.js */; };
		88A310B72319B872002D2C89 /* ConfigurationType.swift in Sources */ = {isa = PBXBuildFile; fileRef = 88A310AF2319B872002D2C89 /* ConfigurationType.swift */; };
		88A310B82319B872002D2C89 /* config_2_right_arm.js in Resources */ = {isa = PBXBuildFile; fileRef = 88A310B02319B872002D2C89 /* config_2_right_arm.js */; };
		88A310B92319B872002D2C89 /* config_3_right_arm.js in Resources */ = {isa = PBXBuildFile; fileRef = 88A310B12319B872002D2C89 /* config_3_right_arm.js */; };
		88A310BA2319B872002D2C89 /* config_6_lower_body.js in Resources */ = {isa = PBXBuildFile; fileRef = 88A310B22319B872002D2C89 /* config_6_lower_body.js */; };
		88A310BC2319B89A002D2C89 /* UIHelper.swift in Sources */ = {isa = PBXBuildFile; fileRef = 88A310BB2319B89A002D2C89 /* UIHelper.swift */; };
		88A310BE2319B900002D2C89 /* ViewController.swift in Sources */ = {isa = PBXBuildFile; fileRef = 88A310BD2319B900002D2C89 /* ViewController.swift */; };
		88A310C02319B9A3002D2C89 /* AppDelegate.swift in Sources */ = {isa = PBXBuildFile; fileRef = 88A310BF2319B9A2002D2C89 /* AppDelegate.swift */; };
		88A310C22319B9E3002D2C89 /* Visualiser.xcassets in Resources */ = {isa = PBXBuildFile; fileRef = 88A310C12319B9E3002D2C89 /* Visualiser.xcassets */; };
		88A310C92319BA48002D2C89 /* VisualiserViewController.swift in Sources */ = {isa = PBXBuildFile; fileRef = 88A310C42319BA48002D2C89 /* VisualiserViewController.swift */; };
		88A310CA2319BA48002D2C89 /* ControlsOverlay.swift in Sources */ = {isa = PBXBuildFile; fileRef = 88A310C52319BA48002D2C89 /* ControlsOverlay.swift */; };
		88A310CB2319BA48002D2C89 /* GenericOverlay.swift in Sources */ = {isa = PBXBuildFile; fileRef = 88A310C62319BA48002D2C89 /* GenericOverlay.swift */; };
		88A310CD2319BA48002D2C89 /* WorkoutAnimationViewController.swift in Sources */ = {isa = PBXBuildFile; fileRef = 88A310C82319BA48002D2C89 /* WorkoutAnimationViewController.swift */; };
		88B1E665236C9A2700D5D5F9 /* config_5_lower_right_leg.js in Resources */ = {isa = PBXBuildFile; fileRef = 88B1E664236C9A2700D5D5F9 /* config_5_lower_right_leg.js */; };
		88BEB99423199E7E0030B8B7 /* Podfile in Resources */ = {isa = PBXBuildFile; fileRef = 88BEB99323199E7E0030B8B7 /* Podfile */; };
		88C06D0223582308004CEC1D /* PeripheralTableViewCell.swift in Sources */ = {isa = PBXBuildFile; fileRef = 88C06D0123582308004CEC1D /* PeripheralTableViewCell.swift */; };
		88C06D052358B942004CEC1D /* Extensions.swift in Sources */ = {isa = PBXBuildFile; fileRef = 88C06D042358B942004CEC1D /* Extensions.swift */; };
		88D239E723A05935009909B3 /* VisualizerDataModel.swift in Sources */ = {isa = PBXBuildFile; fileRef = 88D239E623A05935009909B3 /* VisualizerDataModel.swift */; };
		88D249122357E67D0053F3B7 /* PeripheralsViewController.swift in Sources */ = {isa = PBXBuildFile; fileRef = 88D249112357E67D0053F3B7 /* PeripheralsViewController.swift */; };
		88D249142357F9000053F3B7 /* Peripheral.swift in Sources */ = {isa = PBXBuildFile; fileRef = 88D249132357F9000053F3B7 /* Peripheral.swift */; };
		88D24916235801130053F3B7 /* BluetoothPreferences.swift in Sources */ = {isa = PBXBuildFile; fileRef = 88D24915235801130053F3B7 /* BluetoothPreferences.swift */; };
		88D24918235805DE0053F3B7 /* SensoryTypeViewController.swift in Sources */ = {isa = PBXBuildFile; fileRef = 88D24917235805DE0053F3B7 /* SensoryTypeViewController.swift */; };
		88D3CA4C2368D62900617B88 /* config_5_lower_body.js in Resources */ = {isa = PBXBuildFile; fileRef = 88D3CA4B2368D62900617B88 /* config_5_lower_body.js */; };
		88D8903323F46CE200D5CDE7 /* FireViewController.swift in Sources */ = {isa = PBXBuildFile; fileRef = 88D8903223F46CE200D5CDE7 /* FireViewController.swift */; };
		88D89C5E23709BF400E20A43 /* config_5_leg_rightAnkle_leftThigh.js in Resources */ = {isa = PBXBuildFile; fileRef = 88D89C5D23709BF400E20A43 /* config_5_leg_rightAnkle_leftThigh.js */; };
		88DBC3A023F3305500A3A35C /* StartUpViewController.swift in Sources */ = {isa = PBXBuildFile; fileRef = 88DBC39F23F3305500A3A35C /* StartUpViewController.swift */; };
		88DBC3A323F3521F00A3A35C /* GoogleService-Info.plist in Resources */ = {isa = PBXBuildFile; fileRef = 88DBC3A223F3521E00A3A35C /* GoogleService-Info.plist */; };
		88FA15A7239EC5C7000C5DA6 /* SensorBodyAttachmentViewController.swift in Sources */ = {isa = PBXBuildFile; fileRef = 88FA15A6239EC5C7000C5DA6 /* SensorBodyAttachmentViewController.swift */; };
		88FA15A9239EDEDF000C5DA6 /* config_1_chest.json in Resources */ = {isa = PBXBuildFile; fileRef = 88FA15A8239EDEDF000C5DA6 /* config_1_chest.json */; };
		88FA15AC23A023C7000C5DA6 /* config_5_leg_leftAnkle_leftThigh.js in Resources */ = {isa = PBXBuildFile; fileRef = 88FA15AB23A023C7000C5DA6 /* config_5_leg_leftAnkle_leftThigh.js */; };
		88FD700A23AAF06500E8EE5D /* LinearInterpolation.swift in Sources */ = {isa = PBXBuildFile; fileRef = 88FD700923AAF06500E8EE5D /* LinearInterpolation.swift */; };
/* End PBXBuildFile section */

/* Begin PBXContainerItemProxy section */
		882414AA2316E0FA006BEBA9 /* PBXContainerItemProxy */ = {
			isa = PBXContainerItemProxy;
			containerPortal = 8824148D2316E0F9006BEBA9 /* Project object */;
			proxyType = 1;
			remoteGlobalIDString = 882414942316E0F9006BEBA9;
			remoteInfo = TestIos;
		};
		882414B52316E0FA006BEBA9 /* PBXContainerItemProxy */ = {
			isa = PBXContainerItemProxy;
			containerPortal = 8824148D2316E0F9006BEBA9 /* Project object */;
			proxyType = 1;
			remoteGlobalIDString = 882414942316E0F9006BEBA9;
			remoteInfo = TestIos;
		};
/* End PBXContainerItemProxy section */

/* Begin PBXFileReference section */
		18FFD492329A8D019C7199B4 /* Pods_TestIos.framework */ = {isa = PBXFileReference; explicitFileType = wrapper.framework; includeInIndex = 0; path = Pods_TestIos.framework; sourceTree = BUILT_PRODUCTS_DIR; };
		88213EDF23F48F98005BA4A4 /* OrgViewController.swift */ = {isa = PBXFileReference; lastKnownFileType = sourcecode.swift; path = OrgViewController.swift; sourceTree = "<group>"; };
		882414952316E0F9006BEBA9 /* Torque.app */ = {isa = PBXFileReference; explicitFileType = wrapper.application; includeInIndex = 0; path = Torque.app; sourceTree = BUILT_PRODUCTS_DIR; };
		8824149D2316E0F9006BEBA9 /* Base */ = {isa = PBXFileReference; lastKnownFileType = file.storyboard; name = Base; path = Base.lproj/Main.storyboard; sourceTree = "<group>"; };
		8824149F2316E0FA006BEBA9 /* Assets.xcassets */ = {isa = PBXFileReference; lastKnownFileType = folder.assetcatalog; path = Assets.xcassets; sourceTree = "<group>"; };
		882414A22316E0FA006BEBA9 /* Base */ = {isa = PBXFileReference; lastKnownFileType = file.storyboard; name = Base; path = Base.lproj/LaunchScreen.storyboard; sourceTree = "<group>"; };
		882414A42316E0FA006BEBA9 /* Info.plist */ = {isa = PBXFileReference; lastKnownFileType = text.plist.xml; path = Info.plist; sourceTree = "<group>"; };
		882414A92316E0FA006BEBA9 /* TestIosTests.xctest */ = {isa = PBXFileReference; explicitFileType = wrapper.cfbundle; includeInIndex = 0; path = TestIosTests.xctest; sourceTree = BUILT_PRODUCTS_DIR; };
		882414AD2316E0FA006BEBA9 /* TestIosTests.swift */ = {isa = PBXFileReference; lastKnownFileType = sourcecode.swift; path = TestIosTests.swift; sourceTree = "<group>"; };
		882414AF2316E0FA006BEBA9 /* Info.plist */ = {isa = PBXFileReference; lastKnownFileType = text.plist.xml; path = Info.plist; sourceTree = "<group>"; };
		882414B42316E0FA006BEBA9 /* TestIosUITests.xctest */ = {isa = PBXFileReference; explicitFileType = wrapper.cfbundle; includeInIndex = 0; path = TestIosUITests.xctest; sourceTree = BUILT_PRODUCTS_DIR; };
		882414B82316E0FA006BEBA9 /* TestIosUITests.swift */ = {isa = PBXFileReference; lastKnownFileType = sourcecode.swift; path = TestIosUITests.swift; sourceTree = "<group>"; };
		882414BA2316E0FA006BEBA9 /* Info.plist */ = {isa = PBXFileReference; lastKnownFileType = text.plist.xml; path = Info.plist; sourceTree = "<group>"; };
		882CD56C2388558500DCACD6 /* MVCAnteriorViewController.swift */ = {isa = PBXFileReference; lastKnownFileType = sourcecode.swift; path = MVCAnteriorViewController.swift; sourceTree = "<group>"; };
		8851A4A8236123C4001679BE /* emgHelper.swift */ = {isa = PBXFileReference; lastKnownFileType = sourcecode.swift; path = emgHelper.swift; sourceTree = "<group>"; };
		8857D4DF23FDB81B007587A2 /* AppDelegate.swift */ = {isa = PBXFileReference; fileEncoding = 4; lastKnownFileType = sourcecode.swift; path = AppDelegate.swift; sourceTree = "<group>"; };
		887393C023C52F4400F19622 /* emgPeripheralModel.swift */ = {isa = PBXFileReference; lastKnownFileType = sourcecode.swift; path = emgPeripheralModel.swift; sourceTree = "<group>"; };
		888C0B7223D24C9F00EF2BAE /* SensorLinearInterpolation.swift */ = {isa = PBXFileReference; lastKnownFileType = sourcecode.swift; path = SensorLinearInterpolation.swift; sourceTree = "<group>"; };
		889B834323864760008A37FC /* Email.swift */ = {isa = PBXFileReference; lastKnownFileType = sourcecode.swift; path = Email.swift; sourceTree = "<group>"; };
		889E4C96238DB164007F03A7 /* MVCPosterioViewController.swift */ = {isa = PBXFileReference; lastKnownFileType = sourcecode.swift; path = MVCPosterioViewController.swift; sourceTree = "<group>"; };
		889E4C98238DBB83007F03A7 /* MVCLateralViewController.swift */ = {isa = PBXFileReference; lastKnownFileType = sourcecode.swift; path = MVCLateralViewController.swift; sourceTree = "<group>"; };
		88A310AB2319B872002D2C89 /* config_5_upper_body.js */ = {isa = PBXFileReference; fileEncoding = 4; lastKnownFileType = sourcecode.javascript; path = config_5_upper_body.js; sourceTree = "<group>"; };
		88A310AC2319B872002D2C89 /* config_1_chest.js */ = {isa = PBXFileReference; fileEncoding = 4; lastKnownFileType = sourcecode.javascript; path = config_1_chest.js; sourceTree = "<group>"; };
		88A310AD2319B872002D2C89 /* config_6_upper_body.js */ = {isa = PBXFileReference; fileEncoding = 4; lastKnownFileType = sourcecode.javascript; path = config_6_upper_body.js; sourceTree = "<group>"; };
		88A310AE2319B872002D2C89 /* config_11_full_body.js */ = {isa = PBXFileReference; fileEncoding = 4; lastKnownFileType = sourcecode.javascript; path = config_11_full_body.js; sourceTree = "<group>"; };
		88A310AF2319B872002D2C89 /* ConfigurationType.swift */ = {isa = PBXFileReference; fileEncoding = 4; lastKnownFileType = sourcecode.swift; path = ConfigurationType.swift; sourceTree = "<group>"; };
		88A310B02319B872002D2C89 /* config_2_right_arm.js */ = {isa = PBXFileReference; fileEncoding = 4; lastKnownFileType = sourcecode.javascript; path = config_2_right_arm.js; sourceTree = "<group>"; };
		88A310B12319B872002D2C89 /* config_3_right_arm.js */ = {isa = PBXFileReference; fileEncoding = 4; lastKnownFileType = sourcecode.javascript; path = config_3_right_arm.js; sourceTree = "<group>"; };
		88A310B22319B872002D2C89 /* config_6_lower_body.js */ = {isa = PBXFileReference; fileEncoding = 4; lastKnownFileType = sourcecode.javascript; path = config_6_lower_body.js; sourceTree = "<group>"; };
		88A310BB2319B89A002D2C89 /* UIHelper.swift */ = {isa = PBXFileReference; fileEncoding = 4; lastKnownFileType = sourcecode.swift; path = UIHelper.swift; sourceTree = "<group>"; };
		88A310BD2319B900002D2C89 /* ViewController.swift */ = {isa = PBXFileReference; fileEncoding = 4; lastKnownFileType = sourcecode.swift; path = ViewController.swift; sourceTree = "<group>"; };
		88A310BF2319B9A2002D2C89 /* AppDelegate.swift */ = {isa = PBXFileReference; fileEncoding = 4; lastKnownFileType = sourcecode.swift; path = AppDelegate.swift; sourceTree = "<group>"; };
		88A310C12319B9E3002D2C89 /* Visualiser.xcassets */ = {isa = PBXFileReference; lastKnownFileType = folder.assetcatalog; path = Visualiser.xcassets; sourceTree = "<group>"; };
		88A310C42319BA48002D2C89 /* VisualiserViewController.swift */ = {isa = PBXFileReference; fileEncoding = 4; lastKnownFileType = sourcecode.swift; path = VisualiserViewController.swift; sourceTree = "<group>"; };
		88A310C52319BA48002D2C89 /* ControlsOverlay.swift */ = {isa = PBXFileReference; fileEncoding = 4; lastKnownFileType = sourcecode.swift; path = ControlsOverlay.swift; sourceTree = "<group>"; };
		88A310C62319BA48002D2C89 /* GenericOverlay.swift */ = {isa = PBXFileReference; fileEncoding = 4; lastKnownFileType = sourcecode.swift; path = GenericOverlay.swift; sourceTree = "<group>"; };
		88A310C82319BA48002D2C89 /* WorkoutAnimationViewController.swift */ = {isa = PBXFileReference; fileEncoding = 4; lastKnownFileType = sourcecode.swift; path = WorkoutAnimationViewController.swift; sourceTree = "<group>"; };
		88B1E664236C9A2700D5D5F9 /* config_5_lower_right_leg.js */ = {isa = PBXFileReference; lastKnownFileType = sourcecode.javascript; path = config_5_lower_right_leg.js; sourceTree = "<group>"; };
		88BEB99323199E7E0030B8B7 /* Podfile */ = {isa = PBXFileReference; lastKnownFileType = text; path = Podfile; sourceTree = "<group>"; xcLanguageSpecificationIdentifier = xcode.lang.ruby; };
		88C06D0123582308004CEC1D /* PeripheralTableViewCell.swift */ = {isa = PBXFileReference; lastKnownFileType = sourcecode.swift; path = PeripheralTableViewCell.swift; sourceTree = "<group>"; };
		88C06D042358B942004CEC1D /* Extensions.swift */ = {isa = PBXFileReference; lastKnownFileType = sourcecode.swift; path = Extensions.swift; sourceTree = "<group>"; };
		88D239E623A05935009909B3 /* VisualizerDataModel.swift */ = {isa = PBXFileReference; lastKnownFileType = sourcecode.swift; path = VisualizerDataModel.swift; sourceTree = "<group>"; };
		88D249112357E67D0053F3B7 /* PeripheralsViewController.swift */ = {isa = PBXFileReference; lastKnownFileType = sourcecode.swift; path = PeripheralsViewController.swift; sourceTree = "<group>"; };
		88D249132357F9000053F3B7 /* Peripheral.swift */ = {isa = PBXFileReference; lastKnownFileType = sourcecode.swift; path = Peripheral.swift; sourceTree = "<group>"; };
		88D24915235801130053F3B7 /* BluetoothPreferences.swift */ = {isa = PBXFileReference; lastKnownFileType = sourcecode.swift; path = BluetoothPreferences.swift; sourceTree = "<group>"; };
		88D24917235805DE0053F3B7 /* SensoryTypeViewController.swift */ = {isa = PBXFileReference; lastKnownFileType = sourcecode.swift; path = SensoryTypeViewController.swift; sourceTree = "<group>"; };
		88D3CA4B2368D62900617B88 /* config_5_lower_body.js */ = {isa = PBXFileReference; lastKnownFileType = sourcecode.javascript; path = config_5_lower_body.js; sourceTree = "<group>"; };
		88D8903223F46CE200D5CDE7 /* FireViewController.swift */ = {isa = PBXFileReference; lastKnownFileType = sourcecode.swift; path = FireViewController.swift; sourceTree = "<group>"; };
		88D89C5D23709BF400E20A43 /* config_5_leg_rightAnkle_leftThigh.js */ = {isa = PBXFileReference; lastKnownFileType = sourcecode.javascript; path = config_5_leg_rightAnkle_leftThigh.js; sourceTree = "<group>"; };
		88DBC39F23F3305500A3A35C /* StartUpViewController.swift */ = {isa = PBXFileReference; lastKnownFileType = sourcecode.swift; path = StartUpViewController.swift; sourceTree = "<group>"; };
		88DBC3A223F3521E00A3A35C /* GoogleService-Info.plist */ = {isa = PBXFileReference; fileEncoding = 4; lastKnownFileType = text.plist.xml; path = "GoogleService-Info.plist"; sourceTree = "<group>"; };
		88FA15A6239EC5C7000C5DA6 /* SensorBodyAttachmentViewController.swift */ = {isa = PBXFileReference; lastKnownFileType = sourcecode.swift; path = SensorBodyAttachmentViewController.swift; sourceTree = "<group>"; };
		88FA15A8239EDEDF000C5DA6 /* config_1_chest.json */ = {isa = PBXFileReference; lastKnownFileType = text.json; path = config_1_chest.json; sourceTree = "<group>"; };
		88FA15AB23A023C7000C5DA6 /* config_5_leg_leftAnkle_leftThigh.js */ = {isa = PBXFileReference; lastKnownFileType = sourcecode.javascript; path = config_5_leg_leftAnkle_leftThigh.js; sourceTree = "<group>"; };
		88FD700923AAF06500E8EE5D /* LinearInterpolation.swift */ = {isa = PBXFileReference; lastKnownFileType = sourcecode.swift; path = LinearInterpolation.swift; sourceTree = "<group>"; };
		8BF5A900DEBDFF54A1788DB2 /* Pods-TestIos.debug.xcconfig */ = {isa = PBXFileReference; includeInIndex = 1; lastKnownFileType = text.xcconfig; name = "Pods-TestIos.debug.xcconfig"; path = "Target Support Files/Pods-TestIos/Pods-TestIos.debug.xcconfig"; sourceTree = "<group>"; };
		F30D79082BA64F41188F99AE /* Pods-TestIos.release.xcconfig */ = {isa = PBXFileReference; includeInIndex = 1; lastKnownFileType = text.xcconfig; name = "Pods-TestIos.release.xcconfig"; path = "Target Support Files/Pods-TestIos/Pods-TestIos.release.xcconfig"; sourceTree = "<group>"; };
/* End PBXFileReference section */

/* Begin PBXFrameworksBuildPhase section */
		882414922316E0F9006BEBA9 /* Frameworks */ = {
			isa = PBXFrameworksBuildPhase;
			buildActionMask = 2147483647;
			files = (
				2CB9D6690D6F9A18264EC996 /* Pods_TestIos.framework in Frameworks */,
			);
			runOnlyForDeploymentPostprocessing = 0;
		};
		882414A62316E0FA006BEBA9 /* Frameworks */ = {
			isa = PBXFrameworksBuildPhase;
			buildActionMask = 2147483647;
			files = (
			);
			runOnlyForDeploymentPostprocessing = 0;
		};
		882414B12316E0FA006BEBA9 /* Frameworks */ = {
			isa = PBXFrameworksBuildPhase;
			buildActionMask = 2147483647;
			files = (
			);
			runOnlyForDeploymentPostprocessing = 0;
		};
/* End PBXFrameworksBuildPhase section */

/* Begin PBXGroup section */
		1612E08DFEDCCCC403275769 /* Frameworks */ = {
			isa = PBXGroup;
			children = (
				18FFD492329A8D019C7199B4 /* Pods_TestIos.framework */,
			);
			name = Frameworks;
			sourceTree = "<group>";
		};
		4DDAE484B94C39EE434039B9 /* Pods */ = {
			isa = PBXGroup;
			children = (
				8BF5A900DEBDFF54A1788DB2 /* Pods-TestIos.debug.xcconfig */,
				F30D79082BA64F41188F99AE /* Pods-TestIos.release.xcconfig */,
			);
			path = Pods;
			sourceTree = "<group>";
		};
		88213EDE23F48F2A005BA4A4 /* VIews */ = {
			isa = PBXGroup;
			children = (
				88D24917235805DE0053F3B7 /* SensoryTypeViewController.swift */,
				88D249112357E67D0053F3B7 /* PeripheralsViewController.swift */,
				882CD56C2388558500DCACD6 /* MVCAnteriorViewController.swift */,
				889E4C98238DBB83007F03A7 /* MVCLateralViewController.swift */,
				889E4C96238DB164007F03A7 /* MVCPosterioViewController.swift */,
				88FA15A6239EC5C7000C5DA6 /* SensorBodyAttachmentViewController.swift */,
				88A310BD2319B900002D2C89 /* ViewController.swift */,
				88213EDF23F48F98005BA4A4 /* OrgViewController.swift */,
			);
			path = VIews;
			sourceTree = "<group>";
		};
		8824148C2316E0F9006BEBA9 = {
			isa = PBXGroup;
			children = (
				882414972316E0F9006BEBA9 /* TestIos */,
				882414AC2316E0FA006BEBA9 /* TestIosTests */,
				882414B72316E0FA006BEBA9 /* TestIosUITests */,
				882414962316E0F9006BEBA9 /* Products */,
				88BEB99323199E7E0030B8B7 /* Podfile */,
				4DDAE484B94C39EE434039B9 /* Pods */,
				1612E08DFEDCCCC403275769 /* Frameworks */,
			);
			sourceTree = "<group>";
		};
		882414962316E0F9006BEBA9 /* Products */ = {
			isa = PBXGroup;
			children = (
				882414952316E0F9006BEBA9 /* Torque.app */,
				882414A92316E0FA006BEBA9 /* TestIosTests.xctest */,
				882414B42316E0FA006BEBA9 /* TestIosUITests.xctest */,
			);
			name = Products;
			sourceTree = "<group>";
		};
		882414972316E0F9006BEBA9 /* TestIos */ = {
			isa = PBXGroup;
			children = (
				88213EDE23F48F2A005BA4A4 /* VIews */,
				88D8903123F46C8C00D5CDE7 /* Network */,
				88DBC3A123F3384C00A3A35C /* SignupSignIn */,
				88FA15AA23A01F9D000C5DA6 /* Models */,
				88C06D032358B924004CEC1D /* Utilities */,
				88A310C32319BA48002D2C89 /* Visualisation */,
				88A310AA2319B872002D2C89 /* Configurations */,
				88A310BF2319B9A2002D2C89 /* AppDelegate.swift */,
				8857D4DF23FDB81B007587A2 /* AppDelegate.swift */,
				8824149C2316E0F9006BEBA9 /* Main.storyboard */,
				8824149F2316E0FA006BEBA9 /* Assets.xcassets */,
				88A310C12319B9E3002D2C89 /* Visualiser.xcassets */,
				882414A12316E0FA006BEBA9 /* LaunchScreen.storyboard */,
				88DBC3A223F3521E00A3A35C /* GoogleService-Info.plist */,
				882414A42316E0FA006BEBA9 /* Info.plist */,
			);
			path = TestIos;
			sourceTree = "<group>";
		};
		882414AC2316E0FA006BEBA9 /* TestIosTests */ = {
			isa = PBXGroup;
			children = (
				882414AD2316E0FA006BEBA9 /* TestIosTests.swift */,
				882414AF2316E0FA006BEBA9 /* Info.plist */,
			);
			path = TestIosTests;
			sourceTree = "<group>";
		};
		882414B72316E0FA006BEBA9 /* TestIosUITests */ = {
			isa = PBXGroup;
			children = (
				882414B82316E0FA006BEBA9 /* TestIosUITests.swift */,
				882414BA2316E0FA006BEBA9 /* Info.plist */,
			);
			path = TestIosUITests;
			sourceTree = "<group>";
		};
		88A310AA2319B872002D2C89 /* Configurations */ = {
			isa = PBXGroup;
			children = (
				88A310AB2319B872002D2C89 /* config_5_upper_body.js */,
				88A310AC2319B872002D2C89 /* config_1_chest.js */,
				88FA15A8239EDEDF000C5DA6 /* config_1_chest.json */,
				88A310AD2319B872002D2C89 /* config_6_upper_body.js */,
				88A310AE2319B872002D2C89 /* config_11_full_body.js */,
				88A310AF2319B872002D2C89 /* ConfigurationType.swift */,
				88A310B02319B872002D2C89 /* config_2_right_arm.js */,
				88A310B12319B872002D2C89 /* config_3_right_arm.js */,
				88A310B22319B872002D2C89 /* config_6_lower_body.js */,
				88D3CA4B2368D62900617B88 /* config_5_lower_body.js */,
				88B1E664236C9A2700D5D5F9 /* config_5_lower_right_leg.js */,
				88D89C5D23709BF400E20A43 /* config_5_leg_rightAnkle_leftThigh.js */,
				88FA15AB23A023C7000C5DA6 /* config_5_leg_leftAnkle_leftThigh.js */,
			);
			path = Configurations;
			sourceTree = "<group>";
		};
		88A310C32319BA48002D2C89 /* Visualisation */ = {
			isa = PBXGroup;
			children = (
				88A310C42319BA48002D2C89 /* VisualiserViewController.swift */,
				88A310C52319BA48002D2C89 /* ControlsOverlay.swift */,
				88A310C62319BA48002D2C89 /* GenericOverlay.swift */,
				88A310C82319BA48002D2C89 /* WorkoutAnimationViewController.swift */,
			);
			path = Visualisation;
			sourceTree = "<group>";
		};
		88C06D032358B924004CEC1D /* Utilities */ = {
			isa = PBXGroup;
			children = (
				88C06D042358B942004CEC1D /* Extensions.swift */,
				8851A4A8236123C4001679BE /* emgHelper.swift */,
				889B834323864760008A37FC /* Email.swift */,
			);
			path = Utilities;
			sourceTree = "<group>";
		};
		88D8903123F46C8C00D5CDE7 /* Network */ = {
			isa = PBXGroup;
			children = (
				88D8903223F46CE200D5CDE7 /* FireViewController.swift */,
			);
			path = Network;
			sourceTree = "<group>";
		};
		88DBC3A123F3384C00A3A35C /* SignupSignIn */ = {
			isa = PBXGroup;
			children = (
				88DBC39F23F3305500A3A35C /* StartUpViewController.swift */,
			);
			path = SignupSignIn;
			sourceTree = "<group>";
		};
		88FA15AA23A01F9D000C5DA6 /* Models */ = {
			isa = PBXGroup;
			children = (
				88C06D0123582308004CEC1D /* PeripheralTableViewCell.swift */,
				88D239E623A05935009909B3 /* VisualizerDataModel.swift */,
				88FD700923AAF06500E8EE5D /* LinearInterpolation.swift */,
				888C0B7223D24C9F00EF2BAE /* SensorLinearInterpolation.swift */,
				88D24915235801130053F3B7 /* BluetoothPreferences.swift */,
				88A310BB2319B89A002D2C89 /* UIHelper.swift */,
				88D249132357F9000053F3B7 /* Peripheral.swift */,
				887393C023C52F4400F19622 /* emgPeripheralModel.swift */,
			);
			path = Models;
			sourceTree = "<group>";
		};
/* End PBXGroup section */

/* Begin PBXNativeTarget section */
		882414942316E0F9006BEBA9 /* TestIos */ = {
			isa = PBXNativeTarget;
			buildConfigurationList = 882414BD2316E0FA006BEBA9 /* Build configuration list for PBXNativeTarget "TestIos" */;
			buildPhases = (
				49A5823D4F13CE41B7BF0372 /* [CP] Check Pods Manifest.lock */,
				882414912316E0F9006BEBA9 /* Sources */,
				882414922316E0F9006BEBA9 /* Frameworks */,
				882414932316E0F9006BEBA9 /* Resources */,
				76FC985F5A0E9C05C84FA6E1 /* [CP] Copy Pods Resources */,
				C240A7EBF1AA1CAABFBB0585 /* [CP] Embed Pods Frameworks */,
			);
			buildRules = (
			);
			dependencies = (
			);
			name = TestIos;
			productName = TestIos;
			productReference = 882414952316E0F9006BEBA9 /* Torque.app */;
			productType = "com.apple.product-type.application";
		};
		882414A82316E0FA006BEBA9 /* TestIosTests */ = {
			isa = PBXNativeTarget;
			buildConfigurationList = 882414C02316E0FA006BEBA9 /* Build configuration list for PBXNativeTarget "TestIosTests" */;
			buildPhases = (
				882414A52316E0FA006BEBA9 /* Sources */,
				882414A62316E0FA006BEBA9 /* Frameworks */,
				882414A72316E0FA006BEBA9 /* Resources */,
			);
			buildRules = (
			);
			dependencies = (
				882414AB2316E0FA006BEBA9 /* PBXTargetDependency */,
			);
			name = TestIosTests;
			productName = TestIosTests;
			productReference = 882414A92316E0FA006BEBA9 /* TestIosTests.xctest */;
			productType = "com.apple.product-type.bundle.unit-test";
		};
		882414B32316E0FA006BEBA9 /* TestIosUITests */ = {
			isa = PBXNativeTarget;
			buildConfigurationList = 882414C32316E0FA006BEBA9 /* Build configuration list for PBXNativeTarget "TestIosUITests" */;
			buildPhases = (
				882414B02316E0FA006BEBA9 /* Sources */,
				882414B12316E0FA006BEBA9 /* Frameworks */,
				882414B22316E0FA006BEBA9 /* Resources */,
			);
			buildRules = (
			);
			dependencies = (
				882414B62316E0FA006BEBA9 /* PBXTargetDependency */,
			);
			name = TestIosUITests;
			productName = TestIosUITests;
			productReference = 882414B42316E0FA006BEBA9 /* TestIosUITests.xctest */;
			productType = "com.apple.product-type.bundle.ui-testing";
		};
/* End PBXNativeTarget section */

/* Begin PBXProject section */
		8824148D2316E0F9006BEBA9 /* Project object */ = {
			isa = PBXProject;
			attributes = {
				LastSwiftUpdateCheck = 1030;
				LastUpgradeCheck = 1030;
				ORGANIZATIONNAME = "kehlin swain";
				TargetAttributes = {
					882414942316E0F9006BEBA9 = {
						CreatedOnToolsVersion = 10.3;
					};
					882414A82316E0FA006BEBA9 = {
						CreatedOnToolsVersion = 10.3;
						TestTargetID = 882414942316E0F9006BEBA9;
					};
					882414B32316E0FA006BEBA9 = {
						CreatedOnToolsVersion = 10.3;
						TestTargetID = 882414942316E0F9006BEBA9;
					};
				};
			};
			buildConfigurationList = 882414902316E0F9006BEBA9 /* Build configuration list for PBXProject "TestIos" */;
			compatibilityVersion = "Xcode 9.3";
			developmentRegion = en;
			hasScannedForEncodings = 0;
			knownRegions = (
				en,
				Base,
			);
			mainGroup = 8824148C2316E0F9006BEBA9;
			productRefGroup = 882414962316E0F9006BEBA9 /* Products */;
			projectDirPath = "";
			projectRoot = "";
			targets = (
				882414942316E0F9006BEBA9 /* TestIos */,
				882414A82316E0FA006BEBA9 /* TestIosTests */,
				882414B32316E0FA006BEBA9 /* TestIosUITests */,
			);
		};
/* End PBXProject section */

/* Begin PBXResourcesBuildPhase section */
		882414932316E0F9006BEBA9 /* Resources */ = {
			isa = PBXResourcesBuildPhase;
			buildActionMask = 2147483647;
			files = (
				88BEB99423199E7E0030B8B7 /* Podfile in Resources */,
				88DBC3A323F3521F00A3A35C /* GoogleService-Info.plist in Resources */,
				88A310B62319B872002D2C89 /* config_11_full_body.js in Resources */,
				882414A32316E0FA006BEBA9 /* LaunchScreen.storyboard in Resources */,
				88A310B82319B872002D2C89 /* config_2_right_arm.js in Resources */,
				882414A02316E0FA006BEBA9 /* Assets.xcassets in Resources */,
				88A310BA2319B872002D2C89 /* config_6_lower_body.js in Resources */,
				88A310B32319B872002D2C89 /* config_5_upper_body.js in Resources */,
				88FA15A9239EDEDF000C5DA6 /* config_1_chest.json in Resources */,
				88A310B52319B872002D2C89 /* config_6_upper_body.js in Resources */,
				88D3CA4C2368D62900617B88 /* config_5_lower_body.js in Resources */,
				88A310B42319B872002D2C89 /* config_1_chest.js in Resources */,
				8824149E2316E0F9006BEBA9 /* Main.storyboard in Resources */,
				88FA15AC23A023C7000C5DA6 /* config_5_leg_leftAnkle_leftThigh.js in Resources */,
				88A310B92319B872002D2C89 /* config_3_right_arm.js in Resources */,
				88B1E665236C9A2700D5D5F9 /* config_5_lower_right_leg.js in Resources */,
				88D89C5E23709BF400E20A43 /* config_5_leg_rightAnkle_leftThigh.js in Resources */,
				88A310C22319B9E3002D2C89 /* Visualiser.xcassets in Resources */,
			);
			runOnlyForDeploymentPostprocessing = 0;
		};
		882414A72316E0FA006BEBA9 /* Resources */ = {
			isa = PBXResourcesBuildPhase;
			buildActionMask = 2147483647;
			files = (
			);
			runOnlyForDeploymentPostprocessing = 0;
		};
		882414B22316E0FA006BEBA9 /* Resources */ = {
			isa = PBXResourcesBuildPhase;
			buildActionMask = 2147483647;
			files = (
			);
			runOnlyForDeploymentPostprocessing = 0;
		};
/* End PBXResourcesBuildPhase section */

/* Begin PBXShellScriptBuildPhase section */
		49A5823D4F13CE41B7BF0372 /* [CP] Check Pods Manifest.lock */ = {
			isa = PBXShellScriptBuildPhase;
			buildActionMask = 2147483647;
			files = (
			);
			inputFileListPaths = (
			);
			inputPaths = (
				"${PODS_PODFILE_DIR_PATH}/Podfile.lock",
				"${PODS_ROOT}/Manifest.lock",
			);
			name = "[CP] Check Pods Manifest.lock";
			outputFileListPaths = (
			);
			outputPaths = (
				"$(DERIVED_FILE_DIR)/Pods-TestIos-checkManifestLockResult.txt",
			);
			runOnlyForDeploymentPostprocessing = 0;
			shellPath = /bin/sh;
			shellScript = "diff \"${PODS_PODFILE_DIR_PATH}/Podfile.lock\" \"${PODS_ROOT}/Manifest.lock\" > /dev/null\nif [ $? != 0 ] ; then\n    # print error to STDERR\n    echo \"error: The sandbox is not in sync with the Podfile.lock. Run 'pod install' or update your CocoaPods installation.\" >&2\n    exit 1\nfi\n# This output is used by Xcode 'outputs' to avoid re-running this script phase.\necho \"SUCCESS\" > \"${SCRIPT_OUTPUT_FILE_0}\"\n";
			showEnvVarsInLog = 0;
		};
		76FC985F5A0E9C05C84FA6E1 /* [CP] Copy Pods Resources */ = {
			isa = PBXShellScriptBuildPhase;
			buildActionMask = 2147483647;
			files = (
			);
			inputFileListPaths = (
				"${PODS_ROOT}/Target Support Files/Pods-TestIos/Pods-TestIos-resources-${CONFIGURATION}-input-files.xcfilelist",
			);
			name = "[CP] Copy Pods Resources";
			outputFileListPaths = (
				"${PODS_ROOT}/Target Support Files/Pods-TestIos/Pods-TestIos-resources-${CONFIGURATION}-output-files.xcfilelist",
			);
			runOnlyForDeploymentPostprocessing = 0;
			shellPath = /bin/sh;
			shellScript = "\"${PODS_ROOT}/Target Support Files/Pods-TestIos/Pods-TestIos-resources.sh\"\n";
			showEnvVarsInLog = 0;
		};
		C240A7EBF1AA1CAABFBB0585 /* [CP] Embed Pods Frameworks */ = {
			isa = PBXShellScriptBuildPhase;
			buildActionMask = 2147483647;
			files = (
			);
			inputFileListPaths = (
				"${PODS_ROOT}/Target Support Files/Pods-TestIos/Pods-TestIos-frameworks-${CONFIGURATION}-input-files.xcfilelist",
			);
			name = "[CP] Embed Pods Frameworks";
			outputFileListPaths = (
				"${PODS_ROOT}/Target Support Files/Pods-TestIos/Pods-TestIos-frameworks-${CONFIGURATION}-output-files.xcfilelist",
			);
			runOnlyForDeploymentPostprocessing = 0;
			shellPath = /bin/sh;
			shellScript = "\"${PODS_ROOT}/Target Support Files/Pods-TestIos/Pods-TestIos-frameworks.sh\"\n";
			showEnvVarsInLog = 0;
		};
/* End PBXShellScriptBuildPhase section */

/* Begin PBXSourcesBuildPhase section */
		882414912316E0F9006BEBA9 /* Sources */ = {
			isa = PBXSourcesBuildPhase;
			buildActionMask = 2147483647;
			files = (
				88A310CD2319BA48002D2C89 /* WorkoutAnimationViewController.swift in Sources */,
				88A310C02319B9A3002D2C89 /* AppDelegate.swift in Sources */,
				88A310B72319B872002D2C89 /* ConfigurationType.swift in Sources */,
				88FA15A7239EC5C7000C5DA6 /* SensorBodyAttachmentViewController.swift in Sources */,
				8857D4E023FDB81B007587A2 /* AppDelegate.swift in Sources */,
				882CD56D2388558500DCACD6 /* MVCAnteriorViewController.swift in Sources */,
				88D239E723A05935009909B3 /* VisualizerDataModel.swift in Sources */,
				88C06D0223582308004CEC1D /* PeripheralTableViewCell.swift in Sources */,
				888C0B7323D24C9F00EF2BAE /* SensorLinearInterpolation.swift in Sources */,
				88A310CA2319BA48002D2C89 /* ControlsOverlay.swift in Sources */,
				88D249122357E67D0053F3B7 /* PeripheralsViewController.swift in Sources */,
				88D249142357F9000053F3B7 /* Peripheral.swift in Sources */,
				88A310BE2319B900002D2C89 /* ViewController.swift in Sources */,
				887393C123C52F4400F19622 /* emgPeripheralModel.swift in Sources */,
				88A310C92319BA48002D2C89 /* VisualiserViewController.swift in Sources */,
				88D8903323F46CE200D5CDE7 /* FireViewController.swift in Sources */,
				889E4C99238DBB83007F03A7 /* MVCLateralViewController.swift in Sources */,
				88A310BC2319B89A002D2C89 /* UIHelper.swift in Sources */,
				88A310CB2319BA48002D2C89 /* GenericOverlay.swift in Sources */,
				88FD700A23AAF06500E8EE5D /* LinearInterpolation.swift in Sources */,
				8851A4A9236123C4001679BE /* emgHelper.swift in Sources */,
				88D24918235805DE0053F3B7 /* SensoryTypeViewController.swift in Sources */,
				88DBC3A023F3305500A3A35C /* StartUpViewController.swift in Sources */,
				88D24916235801130053F3B7 /* BluetoothPreferences.swift in Sources */,
				889B834423864760008A37FC /* Email.swift in Sources */,
				889E4C97238DB164007F03A7 /* MVCPosterioViewController.swift in Sources */,
				88213EE023F48F98005BA4A4 /* OrgViewController.swift in Sources */,
				88C06D052358B942004CEC1D /* Extensions.swift in Sources */,
			);
			runOnlyForDeploymentPostprocessing = 0;
		};
		882414A52316E0FA006BEBA9 /* Sources */ = {
			isa = PBXSourcesBuildPhase;
			buildActionMask = 2147483647;
			files = (
				882414AE2316E0FA006BEBA9 /* TestIosTests.swift in Sources */,
			);
			runOnlyForDeploymentPostprocessing = 0;
		};
		882414B02316E0FA006BEBA9 /* Sources */ = {
			isa = PBXSourcesBuildPhase;
			buildActionMask = 2147483647;
			files = (
				882414B92316E0FA006BEBA9 /* TestIosUITests.swift in Sources */,
			);
			runOnlyForDeploymentPostprocessing = 0;
		};
/* End PBXSourcesBuildPhase section */

/* Begin PBXTargetDependency section */
		882414AB2316E0FA006BEBA9 /* PBXTargetDependency */ = {
			isa = PBXTargetDependency;
			target = 882414942316E0F9006BEBA9 /* TestIos */;
			targetProxy = 882414AA2316E0FA006BEBA9 /* PBXContainerItemProxy */;
		};
		882414B62316E0FA006BEBA9 /* PBXTargetDependency */ = {
			isa = PBXTargetDependency;
			target = 882414942316E0F9006BEBA9 /* TestIos */;
			targetProxy = 882414B52316E0FA006BEBA9 /* PBXContainerItemProxy */;
		};
/* End PBXTargetDependency section */

/* Begin PBXVariantGroup section */
		8824149C2316E0F9006BEBA9 /* Main.storyboard */ = {
			isa = PBXVariantGroup;
			children = (
				8824149D2316E0F9006BEBA9 /* Base */,
			);
			name = Main.storyboard;
			sourceTree = "<group>";
		};
		882414A12316E0FA006BEBA9 /* LaunchScreen.storyboard */ = {
			isa = PBXVariantGroup;
			children = (
				882414A22316E0FA006BEBA9 /* Base */,
			);
			name = LaunchScreen.storyboard;
			sourceTree = "<group>";
		};
/* End PBXVariantGroup section */

/* Begin XCBuildConfiguration section */
		882414BB2316E0FA006BEBA9 /* Debug */ = {
			isa = XCBuildConfiguration;
			buildSettings = {
				ALWAYS_SEARCH_USER_PATHS = NO;
				CLANG_ANALYZER_NONNULL = YES;
				CLANG_ANALYZER_NUMBER_OBJECT_CONVERSION = YES_AGGRESSIVE;
				CLANG_CXX_LANGUAGE_STANDARD = "gnu++14";
				CLANG_CXX_LIBRARY = "libc++";
				CLANG_ENABLE_MODULES = YES;
				CLANG_ENABLE_OBJC_ARC = YES;
				CLANG_ENABLE_OBJC_WEAK = YES;
				CLANG_WARN_BLOCK_CAPTURE_AUTORELEASING = YES;
				CLANG_WARN_BOOL_CONVERSION = YES;
				CLANG_WARN_COMMA = YES;
				CLANG_WARN_CONSTANT_CONVERSION = YES;
				CLANG_WARN_DEPRECATED_OBJC_IMPLEMENTATIONS = YES;
				CLANG_WARN_DIRECT_OBJC_ISA_USAGE = YES_ERROR;
				CLANG_WARN_DOCUMENTATION_COMMENTS = YES;
				CLANG_WARN_EMPTY_BODY = YES;
				CLANG_WARN_ENUM_CONVERSION = YES;
				CLANG_WARN_INFINITE_RECURSION = YES;
				CLANG_WARN_INT_CONVERSION = YES;
				CLANG_WARN_NON_LITERAL_NULL_CONVERSION = YES;
				CLANG_WARN_OBJC_IMPLICIT_RETAIN_SELF = YES;
				CLANG_WARN_OBJC_LITERAL_CONVERSION = YES;
				CLANG_WARN_OBJC_ROOT_CLASS = YES_ERROR;
				CLANG_WARN_RANGE_LOOP_ANALYSIS = YES;
				CLANG_WARN_STRICT_PROTOTYPES = YES;
				CLANG_WARN_SUSPICIOUS_MOVE = YES;
				CLANG_WARN_UNGUARDED_AVAILABILITY = YES_AGGRESSIVE;
				CLANG_WARN_UNREACHABLE_CODE = YES;
				CLANG_WARN__DUPLICATE_METHOD_MATCH = YES;
				CODE_SIGN_IDENTITY = "iPhone Developer";
				COPY_PHASE_STRIP = NO;
				DEBUG_INFORMATION_FORMAT = dwarf;
				ENABLE_BITCODE = NO;
				ENABLE_STRICT_OBJC_MSGSEND = YES;
				ENABLE_TESTABILITY = YES;
				GCC_C_LANGUAGE_STANDARD = gnu11;
				GCC_DYNAMIC_NO_PIC = NO;
				GCC_NO_COMMON_BLOCKS = YES;
				GCC_OPTIMIZATION_LEVEL = 0;
				GCC_PREPROCESSOR_DEFINITIONS = (
					"DEBUG=1",
					"$(inherited)",
				);
				GCC_WARN_64_TO_32_BIT_CONVERSION = YES;
				GCC_WARN_ABOUT_RETURN_TYPE = YES_ERROR;
				GCC_WARN_UNDECLARED_SELECTOR = YES;
				GCC_WARN_UNINITIALIZED_AUTOS = YES_AGGRESSIVE;
				GCC_WARN_UNUSED_FUNCTION = YES;
				GCC_WARN_UNUSED_VARIABLE = YES;
				IPHONEOS_DEPLOYMENT_TARGET = 9.0;
				MTL_ENABLE_DEBUG_INFO = INCLUDE_SOURCE;
				MTL_FAST_MATH = YES;
				ONLY_ACTIVE_ARCH = YES;
				SDKROOT = iphoneos;
				SWIFT_ACTIVE_COMPILATION_CONDITIONS = DEBUG;
				SWIFT_OPTIMIZATION_LEVEL = "-Onone";
				SWIFT_VERSION = 4.2;
			};
			name = Debug;
		};
		882414BC2316E0FA006BEBA9 /* Release */ = {
			isa = XCBuildConfiguration;
			buildSettings = {
				ALWAYS_SEARCH_USER_PATHS = NO;
				CLANG_ANALYZER_NONNULL = YES;
				CLANG_ANALYZER_NUMBER_OBJECT_CONVERSION = YES_AGGRESSIVE;
				CLANG_CXX_LANGUAGE_STANDARD = "gnu++14";
				CLANG_CXX_LIBRARY = "libc++";
				CLANG_ENABLE_MODULES = YES;
				CLANG_ENABLE_OBJC_ARC = YES;
				CLANG_ENABLE_OBJC_WEAK = YES;
				CLANG_WARN_BLOCK_CAPTURE_AUTORELEASING = YES;
				CLANG_WARN_BOOL_CONVERSION = YES;
				CLANG_WARN_COMMA = YES;
				CLANG_WARN_CONSTANT_CONVERSION = YES;
				CLANG_WARN_DEPRECATED_OBJC_IMPLEMENTATIONS = YES;
				CLANG_WARN_DIRECT_OBJC_ISA_USAGE = YES_ERROR;
				CLANG_WARN_DOCUMENTATION_COMMENTS = YES;
				CLANG_WARN_EMPTY_BODY = YES;
				CLANG_WARN_ENUM_CONVERSION = YES;
				CLANG_WARN_INFINITE_RECURSION = YES;
				CLANG_WARN_INT_CONVERSION = YES;
				CLANG_WARN_NON_LITERAL_NULL_CONVERSION = YES;
				CLANG_WARN_OBJC_IMPLICIT_RETAIN_SELF = YES;
				CLANG_WARN_OBJC_LITERAL_CONVERSION = YES;
				CLANG_WARN_OBJC_ROOT_CLASS = YES_ERROR;
				CLANG_WARN_RANGE_LOOP_ANALYSIS = YES;
				CLANG_WARN_STRICT_PROTOTYPES = YES;
				CLANG_WARN_SUSPICIOUS_MOVE = YES;
				CLANG_WARN_UNGUARDED_AVAILABILITY = YES_AGGRESSIVE;
				CLANG_WARN_UNREACHABLE_CODE = YES;
				CLANG_WARN__DUPLICATE_METHOD_MATCH = YES;
				CODE_SIGN_IDENTITY = "iPhone Developer";
				COPY_PHASE_STRIP = NO;
				DEBUG_INFORMATION_FORMAT = "dwarf-with-dsym";
				ENABLE_BITCODE = NO;
				ENABLE_NS_ASSERTIONS = NO;
				ENABLE_STRICT_OBJC_MSGSEND = YES;
				GCC_C_LANGUAGE_STANDARD = gnu11;
				GCC_NO_COMMON_BLOCKS = YES;
				GCC_WARN_64_TO_32_BIT_CONVERSION = YES;
				GCC_WARN_ABOUT_RETURN_TYPE = YES_ERROR;
				GCC_WARN_UNDECLARED_SELECTOR = YES;
				GCC_WARN_UNINITIALIZED_AUTOS = YES_AGGRESSIVE;
				GCC_WARN_UNUSED_FUNCTION = YES;
				GCC_WARN_UNUSED_VARIABLE = YES;
				IPHONEOS_DEPLOYMENT_TARGET = 9.0;
				MTL_ENABLE_DEBUG_INFO = NO;
				MTL_FAST_MATH = YES;
				SDKROOT = iphoneos;
				SWIFT_COMPILATION_MODE = wholemodule;
				SWIFT_OPTIMIZATION_LEVEL = "-O";
				SWIFT_VERSION = 4.2;
				VALIDATE_PRODUCT = YES;
			};
			name = Release;
		};
		882414BE2316E0FA006BEBA9 /* Debug */ = {
			isa = XCBuildConfiguration;
			baseConfigurationReference = 8BF5A900DEBDFF54A1788DB2 /* Pods-TestIos.debug.xcconfig */;
			buildSettings = {
				ASSETCATALOG_COMPILER_APPICON_NAME = AppIcon;
				CODE_SIGN_STYLE = Automatic;
				CURRENT_PROJECT_VERSION = 1;
				DEVELOPMENT_TEAM = 8Z38QN3Q9Y;
				ENABLE_BITCODE = NO;
				INFOPLIST_FILE = TestIos/Info.plist;
				IPHONEOS_DEPLOYMENT_TARGET = 13.0;
				LD_RUNPATH_SEARCH_PATHS = (
					"$(inherited)",
					"@executable_path/Frameworks",
				);
				MARKETING_VERSION = 2.0;
				PRODUCT_BUNDLE_IDENTIFIER = kehlin.TestIos;
				PRODUCT_NAME = Torque;
				SWIFT_VERSION = 4.2;
				TARGETED_DEVICE_FAMILY = "1,2";
			};
			name = Debug;
		};
		882414BF2316E0FA006BEBA9 /* Release */ = {
			isa = XCBuildConfiguration;
			baseConfigurationReference = F30D79082BA64F41188F99AE /* Pods-TestIos.release.xcconfig */;
			buildSettings = {
				ASSETCATALOG_COMPILER_APPICON_NAME = AppIcon;
				CODE_SIGN_STYLE = Automatic;
				CURRENT_PROJECT_VERSION = 1;
				DEVELOPMENT_TEAM = 8Z38QN3Q9Y;
				ENABLE_BITCODE = NO;
				INFOPLIST_FILE = TestIos/Info.plist;
				IPHONEOS_DEPLOYMENT_TARGET = 13.0;
				LD_RUNPATH_SEARCH_PATHS = (
					"$(inherited)",
					"@executable_path/Frameworks",
				);
				MARKETING_VERSION = 2.0;
				PRODUCT_BUNDLE_IDENTIFIER = kehlin.TestIos;
				PRODUCT_NAME = Torque;
				SWIFT_VERSION = 4.2;
				TARGETED_DEVICE_FAMILY = "1,2";
			};
			name = Release;
		};
		882414C12316E0FA006BEBA9 /* Debug */ = {
			isa = XCBuildConfiguration;
			buildSettings = {
				ALWAYS_EMBED_SWIFT_STANDARD_LIBRARIES = YES;
				BUNDLE_LOADER = "$(TEST_HOST)";
				CODE_SIGN_STYLE = Automatic;
				DEVELOPMENT_TEAM = 77PZNJDUQL;
				INFOPLIST_FILE = TestIosTests/Info.plist;
				LD_RUNPATH_SEARCH_PATHS = (
					"$(inherited)",
					"@executable_path/Frameworks",
					"@loader_path/Frameworks",
				);
				PRODUCT_BUNDLE_IDENTIFIER = kehlin.TestIosTests;
				PRODUCT_NAME = "$(TARGET_NAME)";
				SWIFT_VERSION = 4.0;
				TARGETED_DEVICE_FAMILY = "1,2";
				TEST_HOST = "$(BUILT_PRODUCTS_DIR)/TestIos.app/TestIos";
			};
			name = Debug;
		};
		882414C22316E0FA006BEBA9 /* Release */ = {
			isa = XCBuildConfiguration;
			buildSettings = {
				ALWAYS_EMBED_SWIFT_STANDARD_LIBRARIES = YES;
				BUNDLE_LOADER = "$(TEST_HOST)";
				CODE_SIGN_STYLE = Automatic;
				DEVELOPMENT_TEAM = 77PZNJDUQL;
				INFOPLIST_FILE = TestIosTests/Info.plist;
				LD_RUNPATH_SEARCH_PATHS = (
					"$(inherited)",
					"@executable_path/Frameworks",
					"@loader_path/Frameworks",
				);
				PRODUCT_BUNDLE_IDENTIFIER = kehlin.TestIosTests;
				PRODUCT_NAME = "$(TARGET_NAME)";
				SWIFT_VERSION = 4.0;
				TARGETED_DEVICE_FAMILY = "1,2";
				TEST_HOST = "$(BUILT_PRODUCTS_DIR)/TestIos.app/TestIos";
			};
			name = Release;
		};
		882414C42316E0FA006BEBA9 /* Debug */ = {
			isa = XCBuildConfiguration;
			buildSettings = {
				ALWAYS_EMBED_SWIFT_STANDARD_LIBRARIES = YES;
				CODE_SIGN_STYLE = Automatic;
				DEVELOPMENT_TEAM = 77PZNJDUQL;
				INFOPLIST_FILE = TestIosUITests/Info.plist;
				LD_RUNPATH_SEARCH_PATHS = (
					"$(inherited)",
					"@executable_path/Frameworks",
					"@loader_path/Frameworks",
				);
				PRODUCT_BUNDLE_IDENTIFIER = kehlin.TestIosUITests;
				PRODUCT_NAME = "$(TARGET_NAME)";
				SWIFT_VERSION = 4.2;
				TARGETED_DEVICE_FAMILY = "1,2";
				TEST_TARGET_NAME = TestIos;
			};
			name = Debug;
		};
		882414C52316E0FA006BEBA9 /* Release */ = {
			isa = XCBuildConfiguration;
			buildSettings = {
				ALWAYS_EMBED_SWIFT_STANDARD_LIBRARIES = YES;
				CODE_SIGN_STYLE = Automatic;
				DEVELOPMENT_TEAM = 77PZNJDUQL;
				INFOPLIST_FILE = TestIosUITests/Info.plist;
				LD_RUNPATH_SEARCH_PATHS = (
					"$(inherited)",
					"@executable_path/Frameworks",
					"@loader_path/Frameworks",
				);
				PRODUCT_BUNDLE_IDENTIFIER = kehlin.TestIosUITests;
				PRODUCT_NAME = "$(TARGET_NAME)";
				SWIFT_VERSION = 4.2;
				TARGETED_DEVICE_FAMILY = "1,2";
				TEST_TARGET_NAME = TestIos;
			};
			name = Release;
		};
/* End XCBuildConfiguration section */

/* Begin XCConfigurationList section */
		882414902316E0F9006BEBA9 /* Build configuration list for PBXProject "TestIos" */ = {
			isa = XCConfigurationList;
			buildConfigurations = (
				882414BB2316E0FA006BEBA9 /* Debug */,
				882414BC2316E0FA006BEBA9 /* Release */,
			);
			defaultConfigurationIsVisible = 0;
			defaultConfigurationName = Release;
		};
		882414BD2316E0FA006BEBA9 /* Build configuration list for PBXNativeTarget "TestIos" */ = {
			isa = XCConfigurationList;
			buildConfigurations = (
				882414BE2316E0FA006BEBA9 /* Debug */,
				882414BF2316E0FA006BEBA9 /* Release */,
			);
			defaultConfigurationIsVisible = 0;
			defaultConfigurationName = Release;
		};
		882414C02316E0FA006BEBA9 /* Build configuration list for PBXNativeTarget "TestIosTests" */ = {
			isa = XCConfigurationList;
			buildConfigurations = (
				882414C12316E0FA006BEBA9 /* Debug */,
				882414C22316E0FA006BEBA9 /* Release */,
			);
			defaultConfigurationIsVisible = 0;
			defaultConfigurationName = Release;
		};
		882414C32316E0FA006BEBA9 /* Build configuration list for PBXNativeTarget "TestIosUITests" */ = {
			isa = XCConfigurationList;
			buildConfigurations = (
				882414C42316E0FA006BEBA9 /* Debug */,
				882414C52316E0FA006BEBA9 /* Release */,
			);
			defaultConfigurationIsVisible = 0;
			defaultConfigurationName = Release;
		};
/* End XCConfigurationList section */
	};
	rootObject = 8824148D2316E0F9006BEBA9 /* Project object */;
}
